[root]
name = "triamcinolone"
version = "0.1.0"
dependencies = [
 "rstox 0.0.1 (git+https://github.com/suhr/rstox.git)",
 "toml 0.1.21 (registry+https://github.com/rust-lang/crates.io-index)",
]

[[package]]
name = "libc"
version = "0.1.9"
source = "registry+https://github.com/rust-lang/crates.io-index"

[[package]]
name = "rstox"
version = "0.0.1"
source = "git+https://github.com/suhr/rstox.git#e27e94a3bc57dc3d7c7543d2b0320c941baa991e"
dependencies = [
 "libc 0.1.9 (registry+https://github.com/rust-lang/crates.io-index)",
]

[[package]]
name = "rustc-serialize"
version = "0.3.15"
source = "registry+https://github.com/rust-lang/crates.io-index"

[[package]]
name = "toml"
version = "0.1.21"
source = "registry+https://github.com/rust-lang/crates.io-index"
dependencies = [
 "rustc-serialize 0.3.15 (registry+https://github.com/rust-lang/crates.io-index)",
]

